// !$*UTF8*$!
{
	archiveVersion = 1;
	classes = {
	};
	objectVersion = 56;
	objects = {

/* Begin PBXBuildFile section */
		7DA6FDA92C297F82007AB2E0 /* CongratulationsView.swift in Sources */ = {isa = PBXBuildFile; fileRef = 7DA6FDA82C297F82007AB2E0 /* CongratulationsView.swift */; };
		9CE864BE2C297F8C0060FBE4 /* TimePickerComponent.swift in Sources */ = {isa = PBXBuildFile; fileRef = 9CE864BD2C297F8C0060FBE4 /* TimePickerComponent.swift */; };
		9CE864C02C2981260060FBE4 /* TimePicker.swift in Sources */ = {isa = PBXBuildFile; fileRef = 9CE864BF2C2981260060FBE4 /* TimePicker.swift */; };
		9CE864C22C29816B0060FBE4 /* CollectableItem.swift in Sources */ = {isa = PBXBuildFile; fileRef = 9CE864C12C29816B0060FBE4 /* CollectableItem.swift */; };
		C81B92012C24119C00282A88 /* Mini2App.swift in Sources */ = {isa = PBXBuildFile; fileRef = C81B92002C24119C00282A88 /* Mini2App.swift */; };
		C81B92032C24119C00282A88 /* ContentView.swift in Sources */ = {isa = PBXBuildFile; fileRef = C81B92022C24119C00282A88 /* ContentView.swift */; };
		C81B92052C24119D00282A88 /* Assets.xcassets in Resources */ = {isa = PBXBuildFile; fileRef = C81B92042C24119D00282A88 /* Assets.xcassets */; };
		C81B92082C24119D00282A88 /* Preview Assets.xcassets in Resources */ = {isa = PBXBuildFile; fileRef = C81B92072C24119D00282A88 /* Preview Assets.xcassets */; };
		C81B92192C24920900282A88 /* CustomButton.swift in Sources */ = {isa = PBXBuildFile; fileRef = C81B92182C24920900282A88 /* CustomButton.swift */; };
		C81E9BB32C2597A4008F45C4 /* EggCatchViewModel.swift in Sources */ = {isa = PBXBuildFile; fileRef = C81E9BB22C2597A4008F45C4 /* EggCatchViewModel.swift */; };
		C81E9BB52C2597C6008F45C4 /* UserDataModel.swift in Sources */ = {isa = PBXBuildFile; fileRef = C81E9BB42C2597C6008F45C4 /* UserDataModel.swift */; };
		C88CA5872C268FC500815471 /* BreakSessionView.swift in Sources */ = {isa = PBXBuildFile; fileRef = C88CA5862C268FC500815471 /* BreakSessionView.swift */; };
		C88CA5892C268FD200815471 /* BreakEndActionView.swift in Sources */ = {isa = PBXBuildFile; fileRef = C88CA5882C268FD200815471 /* BreakEndActionView.swift */; };
		C88CA58B2C26914E00815471 /* EggGachaView.swift in Sources */ = {isa = PBXBuildFile; fileRef = C88CA58A2C26914E00815471 /* EggGachaView.swift */; };
		C88CA58D2C2692B800815471 /* TimerComponent.swift in Sources */ = {isa = PBXBuildFile; fileRef = C88CA58C2C2692B800815471 /* TimerComponent.swift */; };
		C88CA5902C2698B200815471 /* Extensions.swift in Sources */ = {isa = PBXBuildFile; fileRef = C88CA58F2C2698B200815471 /* Extensions.swift */; };
		C8F19EE42C29508C00F80627 /* Config.swift in Sources */ = {isa = PBXBuildFile; fileRef = C8F19EE32C29508C00F80627 /* Config.swift */; };
		C8F19EE62C2976A500F80627 /* ObjectModel.swift in Sources */ = {isa = PBXBuildFile; fileRef = C8F19EE52C2976A500F80627 /* ObjectModel.swift */; };
		C8F19EE82C2980B300F80627 /* HapticsManager.swift in Sources */ = {isa = PBXBuildFile; fileRef = C8F19EE72C2980B300F80627 /* HapticsManager.swift */; };
/* End PBXBuildFile section */

/* Begin PBXFileReference section */
		7DA6FDA82C297F82007AB2E0 /* CongratulationsView.swift */ = {isa = PBXFileReference; lastKnownFileType = sourcecode.swift; path = CongratulationsView.swift; sourceTree = "<group>"; };
		9CE864BD2C297F8C0060FBE4 /* TimePickerComponent.swift */ = {isa = PBXFileReference; lastKnownFileType = sourcecode.swift; path = TimePickerComponent.swift; sourceTree = "<group>"; };
		9CE864BF2C2981260060FBE4 /* TimePicker.swift */ = {isa = PBXFileReference; lastKnownFileType = sourcecode.swift; path = TimePicker.swift; sourceTree = "<group>"; };
		9CE864C12C29816B0060FBE4 /* CollectableItem.swift */ = {isa = PBXFileReference; lastKnownFileType = sourcecode.swift; path = CollectableItem.swift; sourceTree = "<group>"; };
		C81B91FD2C24119C00282A88 /* Mini2.app */ = {isa = PBXFileReference; explicitFileType = wrapper.application; includeInIndex = 0; path = Mini2.app; sourceTree = BUILT_PRODUCTS_DIR; };
		C81B92002C24119C00282A88 /* Mini2App.swift */ = {isa = PBXFileReference; lastKnownFileType = sourcecode.swift; path = Mini2App.swift; sourceTree = "<group>"; };
		C81B92022C24119C00282A88 /* ContentView.swift */ = {isa = PBXFileReference; lastKnownFileType = sourcecode.swift; path = ContentView.swift; sourceTree = "<group>"; };
		C81B92042C24119D00282A88 /* Assets.xcassets */ = {isa = PBXFileReference; lastKnownFileType = folder.assetcatalog; path = Assets.xcassets; sourceTree = "<group>"; };
		C81B92072C24119D00282A88 /* Preview Assets.xcassets */ = {isa = PBXFileReference; lastKnownFileType = folder.assetcatalog; path = "Preview Assets.xcassets"; sourceTree = "<group>"; };
		C81B92182C24920900282A88 /* CustomButton.swift */ = {isa = PBXFileReference; lastKnownFileType = sourcecode.swift; path = CustomButton.swift; sourceTree = "<group>"; };
		C81E9BB22C2597A4008F45C4 /* EggCatchViewModel.swift */ = {isa = PBXFileReference; lastKnownFileType = sourcecode.swift; path = EggCatchViewModel.swift; sourceTree = "<group>"; };
		C81E9BB42C2597C6008F45C4 /* UserDataModel.swift */ = {isa = PBXFileReference; lastKnownFileType = sourcecode.swift; path = UserDataModel.swift; sourceTree = "<group>"; };
		C88CA5862C268FC500815471 /* BreakSessionView.swift */ = {isa = PBXFileReference; lastKnownFileType = sourcecode.swift; path = BreakSessionView.swift; sourceTree = "<group>"; };
		C88CA5882C268FD200815471 /* BreakEndActionView.swift */ = {isa = PBXFileReference; lastKnownFileType = sourcecode.swift; path = BreakEndActionView.swift; sourceTree = "<group>"; };
		C88CA58A2C26914E00815471 /* EggGachaView.swift */ = {isa = PBXFileReference; lastKnownFileType = sourcecode.swift; path = EggGachaView.swift; sourceTree = "<group>"; };
		C88CA58C2C2692B800815471 /* TimerComponent.swift */ = {isa = PBXFileReference; lastKnownFileType = sourcecode.swift; path = TimerComponent.swift; sourceTree = "<group>"; };
		C88CA58F2C2698B200815471 /* Extensions.swift */ = {isa = PBXFileReference; lastKnownFileType = sourcecode.swift; path = Extensions.swift; sourceTree = "<group>"; };
		C8F19EE32C29508C00F80627 /* Config.swift */ = {isa = PBXFileReference; lastKnownFileType = sourcecode.swift; path = Config.swift; sourceTree = "<group>"; };
		C8F19EE52C2976A500F80627 /* ObjectModel.swift */ = {isa = PBXFileReference; lastKnownFileType = sourcecode.swift; path = ObjectModel.swift; sourceTree = "<group>"; };
		C8F19EE72C2980B300F80627 /* HapticsManager.swift */ = {isa = PBXFileReference; lastKnownFileType = sourcecode.swift; path = HapticsManager.swift; sourceTree = "<group>"; };
		C8F19EEA2C29EE5900F80627 /* Info.plist */ = {isa = PBXFileReference; lastKnownFileType = text.plist; path = Info.plist; sourceTree = "<group>"; };
/* End PBXFileReference section */

/* Begin PBXFrameworksBuildPhase section */
		C81B91FA2C24119C00282A88 /* Frameworks */ = {
			isa = PBXFrameworksBuildPhase;
			buildActionMask = 2147483647;
			files = (
			);
			runOnlyForDeploymentPostprocessing = 0;
		};
/* End PBXFrameworksBuildPhase section */

/* Begin PBXGroup section */
		C81B91F42C24119C00282A88 = {
			isa = PBXGroup;
			children = (
				C81B91FF2C24119C00282A88 /* Mini2 */,
				C81B91FE2C24119C00282A88 /* Products */,
			);
			sourceTree = "<group>";
		};
		C81B91FE2C24119C00282A88 /* Products */ = {
			isa = PBXGroup;
			children = (
				C81B91FD2C24119C00282A88 /* Mini2.app */,
			);
			name = Products;
			sourceTree = "<group>";
		};
		C81B91FF2C24119C00282A88 /* Mini2 */ = {
			isa = PBXGroup;
			children = (
				C8F19EEA2C29EE5900F80627 /* Info.plist */,
				C81B92002C24119C00282A88 /* Mini2App.swift */,
				C81B920E2C24128400282A88 /* Model */,
				C81B920F2C24128B00282A88 /* View */,
				C81B92102C24129100282A88 /* ViewModel */,
				C88CA58E2C26987300815471 /* Manager */,
				C8F19EE92C29987200F80627 /* Resource */,
				C81B92042C24119D00282A88 /* Assets.xcassets */,
				C81B92062C24119D00282A88 /* Preview Content */,
			);
			path = Mini2;
			sourceTree = "<group>";
		};
		C81B92062C24119D00282A88 /* Preview Content */ = {
			isa = PBXGroup;
			children = (
				C81B92072C24119D00282A88 /* Preview Assets.xcassets */,
			);
			path = "Preview Content";
			sourceTree = "<group>";
		};
		C81B920E2C24128400282A88 /* Model */ = {
			isa = PBXGroup;
			children = (
				C81E9BB42C2597C6008F45C4 /* UserDataModel.swift */,
				C8F19EE52C2976A500F80627 /* ObjectModel.swift */,
			);
			path = Model;
			sourceTree = "<group>";
		};
		C81B920F2C24128B00282A88 /* View */ = {
			isa = PBXGroup;
			children = (
				C81B92112C24129900282A88 /* ScreenView */,
				C8F19EEB2C2A7EDD00F80627 /* SessionStateView */,
				C81B92122C2412A100282A88 /* ComponentView */,
			);
			path = View;
			sourceTree = "<group>";
		};
		C81B92102C24129100282A88 /* ViewModel */ = {
			isa = PBXGroup;
			children = (
				C81E9BB22C2597A4008F45C4 /* EggCatchViewModel.swift */,
			);
			path = ViewModel;
			sourceTree = "<group>";
		};
		C81B92112C24129900282A88 /* ScreenView */ = {
			isa = PBXGroup;
			children = (
				C81B92022C24119C00282A88 /* ContentView.swift */,
				7DA6FDA82C297F82007AB2E0 /* CongratulationsView.swift */,
				9CE864C12C29816B0060FBE4 /* CollectableItem.swift */,
			);
			path = ScreenView;
			sourceTree = "<group>";
		};
		C81B92122C2412A100282A88 /* ComponentView */ = {
			isa = PBXGroup;
			children = (
				C88CA58C2C2692B800815471 /* TimerComponent.swift */,
				C81B92182C24920900282A88 /* CustomButton.swift */,
				9CE864BD2C297F8C0060FBE4 /* TimePickerComponent.swift */,
				9CE864BF2C2981260060FBE4 /* TimePicker.swift */,
			);
			path = ComponentView;
			sourceTree = "<group>";
		};
		C88CA58E2C26987300815471 /* Manager */ = {
			isa = PBXGroup;
			children = (
				C88CA58F2C2698B200815471 /* Extensions.swift */,
				C8F19EE32C29508C00F80627 /* Config.swift */,
				C8F19EE72C2980B300F80627 /* HapticsManager.swift */,
			);
			path = Manager;
			sourceTree = "<group>";
		};
		C8F19EE92C29987200F80627 /* Resource */ = {
			isa = PBXGroup;
			children = (
			);
			path = Resource;
			sourceTree = "<group>";
		};
		C8F19EEB2C2A7EDD00F80627 /* SessionStateView */ = {
			isa = PBXGroup;
			children = (
				C88CA5862C268FC500815471 /* BreakSessionView.swift */,
				C88CA5882C268FD200815471 /* BreakEndActionView.swift */,
				C88CA58A2C26914E00815471 /* EggGachaView.swift */,
			);
			path = SessionStateView;
			sourceTree = "<group>";
		};
/* End PBXGroup section */

/* Begin PBXNativeTarget section */
		C81B91FC2C24119C00282A88 /* Mini2 */ = {
			isa = PBXNativeTarget;
			buildConfigurationList = C81B920B2C24119D00282A88 /* Build configuration list for PBXNativeTarget "Mini2" */;
			buildPhases = (
				C81B91F92C24119C00282A88 /* Sources */,
				C81B91FA2C24119C00282A88 /* Frameworks */,
				C81B91FB2C24119C00282A88 /* Resources */,
			);
			buildRules = (
			);
			dependencies = (
			);
			name = Mini2;
			productName = Mini2;
			productReference = C81B91FD2C24119C00282A88 /* Mini2.app */;
			productType = "com.apple.product-type.application";
		};
/* End PBXNativeTarget section */

/* Begin PBXProject section */
		C81B91F52C24119C00282A88 /* Project object */ = {
			isa = PBXProject;
			attributes = {
				BuildIndependentTargetsInParallel = 1;
				LastSwiftUpdateCheck = 1540;
				LastUpgradeCheck = 1540;
				TargetAttributes = {
					C81B91FC2C24119C00282A88 = {
						CreatedOnToolsVersion = 15.4;
					};
				};
			};
			buildConfigurationList = C81B91F82C24119C00282A88 /* Build configuration list for PBXProject "Mini2" */;
			compatibilityVersion = "Xcode 14.0";
			developmentRegion = en;
			hasScannedForEncodings = 0;
			knownRegions = (
				en,
				Base,
			);
			mainGroup = C81B91F42C24119C00282A88;
			productRefGroup = C81B91FE2C24119C00282A88 /* Products */;
			projectDirPath = "";
			projectRoot = "";
			targets = (
				C81B91FC2C24119C00282A88 /* Mini2 */,
			);
		};
/* End PBXProject section */

/* Begin PBXResourcesBuildPhase section */
		C81B91FB2C24119C00282A88 /* Resources */ = {
			isa = PBXResourcesBuildPhase;
			buildActionMask = 2147483647;
			files = (
				C81B92082C24119D00282A88 /* Preview Assets.xcassets in Resources */,
				C81B92052C24119D00282A88 /* Assets.xcassets in Resources */,
			);
			runOnlyForDeploymentPostprocessing = 0;
		};
/* End PBXResourcesBuildPhase section */

/* Begin PBXSourcesBuildPhase section */
		C81B91F92C24119C00282A88 /* Sources */ = {
			isa = PBXSourcesBuildPhase;
			buildActionMask = 2147483647;
			files = (
				C81E9BB52C2597C6008F45C4 /* UserDataModel.swift in Sources */,
				C81E9BB52C2597C6008F45C4 /* UserModelData.swift in Sources */,
				9CE864C22C29816B0060FBE4 /* CollectableItem.swift in Sources */,
				C81E9BB32C2597A4008F45C4 /* EggCatchViewModel.swift in Sources */,
				C88CA5892C268FD200815471 /* BreakEndActionView.swift in Sources */,
				9CE864C02C2981260060FBE4 /* TimePicker.swift in Sources */,
				9CE864BE2C297F8C0060FBE4 /* TimePickerComponent.swift in Sources */,
				C81B92192C24920900282A88 /* CustomButton.swift in Sources */,
				C8F19EE62C2976A500F80627 /* ObjectModel.swift in Sources */,
				C88CA5872C268FC500815471 /* BreakSessionView.swift in Sources */,
				C88CA5902C2698B200815471 /* Extensions.swift in Sources */,
				C81B92032C24119C00282A88 /* ContentView.swift in Sources */,
				7DA6FDA92C297F82007AB2E0 /* CongratulationsView.swift in Sources */,
				C81B92012C24119C00282A88 /* Mini2App.swift in Sources */,
				C8F19EE82C2980B300F80627 /* HapticsManager.swift in Sources */,
				C8F19EE42C29508C00F80627 /* Config.swift in Sources */,
				C88CA58D2C2692B800815471 /* TimerComponent.swift in Sources */,
				C88CA58B2C26914E00815471 /* EggGachaView.swift in Sources */,
			);
			runOnlyForDeploymentPostprocessing = 0;
		};
/* End PBXSourcesBuildPhase section */

/* Begin XCBuildConfiguration section */
		C81B92092C24119D00282A88 /* Debug */ = {
			isa = XCBuildConfiguration;
			buildSettings = {
				ALWAYS_SEARCH_USER_PATHS = NO;
				ASSETCATALOG_COMPILER_GENERATE_SWIFT_ASSET_SYMBOL_EXTENSIONS = YES;
				CLANG_ANALYZER_NONNULL = YES;
				CLANG_ANALYZER_NUMBER_OBJECT_CONVERSION = YES_AGGRESSIVE;
				CLANG_CXX_LANGUAGE_STANDARD = "gnu++20";
				CLANG_ENABLE_MODULES = YES;
				CLANG_ENABLE_OBJC_ARC = YES;
				CLANG_ENABLE_OBJC_WEAK = YES;
				CLANG_WARN_BLOCK_CAPTURE_AUTORELEASING = YES;
				CLANG_WARN_BOOL_CONVERSION = YES;
				CLANG_WARN_COMMA = YES;
				CLANG_WARN_CONSTANT_CONVERSION = YES;
				CLANG_WARN_DEPRECATED_OBJC_IMPLEMENTATIONS = YES;
				CLANG_WARN_DIRECT_OBJC_ISA_USAGE = YES_ERROR;
				CLANG_WARN_DOCUMENTATION_COMMENTS = YES;
				CLANG_WARN_EMPTY_BODY = YES;
				CLANG_WARN_ENUM_CONVERSION = YES;
				CLANG_WARN_INFINITE_RECURSION = YES;
				CLANG_WARN_INT_CONVERSION = YES;
				CLANG_WARN_NON_LITERAL_NULL_CONVERSION = YES;
				CLANG_WARN_OBJC_IMPLICIT_RETAIN_SELF = YES;
				CLANG_WARN_OBJC_LITERAL_CONVERSION = YES;
				CLANG_WARN_OBJC_ROOT_CLASS = YES_ERROR;
				CLANG_WARN_QUOTED_INCLUDE_IN_FRAMEWORK_HEADER = YES;
				CLANG_WARN_RANGE_LOOP_ANALYSIS = YES;
				CLANG_WARN_STRICT_PROTOTYPES = YES;
				CLANG_WARN_SUSPICIOUS_MOVE = YES;
				CLANG_WARN_UNGUARDED_AVAILABILITY = YES_AGGRESSIVE;
				CLANG_WARN_UNREACHABLE_CODE = YES;
				CLANG_WARN__DUPLICATE_METHOD_MATCH = YES;
				COPY_PHASE_STRIP = NO;
				DEBUG_INFORMATION_FORMAT = dwarf;
				ENABLE_STRICT_OBJC_MSGSEND = YES;
				ENABLE_TESTABILITY = YES;
				ENABLE_USER_SCRIPT_SANDBOXING = YES;
				GCC_C_LANGUAGE_STANDARD = gnu17;
				GCC_DYNAMIC_NO_PIC = NO;
				GCC_NO_COMMON_BLOCKS = YES;
				GCC_OPTIMIZATION_LEVEL = 0;
				GCC_PREPROCESSOR_DEFINITIONS = (
					"DEBUG=1",
					"$(inherited)",
				);
				GCC_WARN_64_TO_32_BIT_CONVERSION = YES;
				GCC_WARN_ABOUT_RETURN_TYPE = YES_ERROR;
				GCC_WARN_UNDECLARED_SELECTOR = YES;
				GCC_WARN_UNINITIALIZED_AUTOS = YES_AGGRESSIVE;
				GCC_WARN_UNUSED_FUNCTION = YES;
				GCC_WARN_UNUSED_VARIABLE = YES;
				IPHONEOS_DEPLOYMENT_TARGET = 17.5;
				LOCALIZATION_PREFERS_STRING_CATALOGS = YES;
				MTL_ENABLE_DEBUG_INFO = INCLUDE_SOURCE;
				MTL_FAST_MATH = YES;
				ONLY_ACTIVE_ARCH = YES;
				SDKROOT = iphoneos;
				SWIFT_ACTIVE_COMPILATION_CONDITIONS = "DEBUG $(inherited)";
				SWIFT_OPTIMIZATION_LEVEL = "-Onone";
			};
			name = Debug;
		};
		C81B920A2C24119D00282A88 /* Release */ = {
			isa = XCBuildConfiguration;
			buildSettings = {
				ALWAYS_SEARCH_USER_PATHS = NO;
				ASSETCATALOG_COMPILER_GENERATE_SWIFT_ASSET_SYMBOL_EXTENSIONS = YES;
				CLANG_ANALYZER_NONNULL = YES;
				CLANG_ANALYZER_NUMBER_OBJECT_CONVERSION = YES_AGGRESSIVE;
				CLANG_CXX_LANGUAGE_STANDARD = "gnu++20";
				CLANG_ENABLE_MODULES = YES;
				CLANG_ENABLE_OBJC_ARC = YES;
				CLANG_ENABLE_OBJC_WEAK = YES;
				CLANG_WARN_BLOCK_CAPTURE_AUTORELEASING = YES;
				CLANG_WARN_BOOL_CONVERSION = YES;
				CLANG_WARN_COMMA = YES;
				CLANG_WARN_CONSTANT_CONVERSION = YES;
				CLANG_WARN_DEPRECATED_OBJC_IMPLEMENTATIONS = YES;
				CLANG_WARN_DIRECT_OBJC_ISA_USAGE = YES_ERROR;
				CLANG_WARN_DOCUMENTATION_COMMENTS = YES;
				CLANG_WARN_EMPTY_BODY = YES;
				CLANG_WARN_ENUM_CONVERSION = YES;
				CLANG_WARN_INFINITE_RECURSION = YES;
				CLANG_WARN_INT_CONVERSION = YES;
				CLANG_WARN_NON_LITERAL_NULL_CONVERSION = YES;
				CLANG_WARN_OBJC_IMPLICIT_RETAIN_SELF = YES;
				CLANG_WARN_OBJC_LITERAL_CONVERSION = YES;
				CLANG_WARN_OBJC_ROOT_CLASS = YES_ERROR;
				CLANG_WARN_QUOTED_INCLUDE_IN_FRAMEWORK_HEADER = YES;
				CLANG_WARN_RANGE_LOOP_ANALYSIS = YES;
				CLANG_WARN_STRICT_PROTOTYPES = YES;
				CLANG_WARN_SUSPICIOUS_MOVE = YES;
				CLANG_WARN_UNGUARDED_AVAILABILITY = YES_AGGRESSIVE;
				CLANG_WARN_UNREACHABLE_CODE = YES;
				CLANG_WARN__DUPLICATE_METHOD_MATCH = YES;
				COPY_PHASE_STRIP = NO;
				DEBUG_INFORMATION_FORMAT = "dwarf-with-dsym";
				ENABLE_NS_ASSERTIONS = NO;
				ENABLE_STRICT_OBJC_MSGSEND = YES;
				ENABLE_USER_SCRIPT_SANDBOXING = YES;
				GCC_C_LANGUAGE_STANDARD = gnu17;
				GCC_NO_COMMON_BLOCKS = YES;
				GCC_WARN_64_TO_32_BIT_CONVERSION = YES;
				GCC_WARN_ABOUT_RETURN_TYPE = YES_ERROR;
				GCC_WARN_UNDECLARED_SELECTOR = YES;
				GCC_WARN_UNINITIALIZED_AUTOS = YES_AGGRESSIVE;
				GCC_WARN_UNUSED_FUNCTION = YES;
				GCC_WARN_UNUSED_VARIABLE = YES;
				IPHONEOS_DEPLOYMENT_TARGET = 17.5;
				LOCALIZATION_PREFERS_STRING_CATALOGS = YES;
				MTL_ENABLE_DEBUG_INFO = NO;
				MTL_FAST_MATH = YES;
				SDKROOT = iphoneos;
				SWIFT_COMPILATION_MODE = wholemodule;
				VALIDATE_PRODUCT = YES;
			};
			name = Release;
		};
		C81B920C2C24119D00282A88 /* Debug */ = {
			isa = XCBuildConfiguration;
			buildSettings = {
				ASSETCATALOG_COMPILER_APPICON_NAME = AppIcon;
				ASSETCATALOG_COMPILER_GLOBAL_ACCENT_COLOR_NAME = AccentColor;
				CODE_SIGN_STYLE = Automatic;
				CURRENT_PROJECT_VERSION = 1;
				DEVELOPMENT_ASSET_PATHS = "\"Mini2/Preview Content\"";
				DEVELOPMENT_TEAM = 2PK9G249Q5;
				ENABLE_PREVIEWS = YES;
				GENERATE_INFOPLIST_FILE = YES;
				INFOPLIST_FILE = Mini2/Info.plist;
				INFOPLIST_KEY_UIApplicationSceneManifest_Generation = YES;
				INFOPLIST_KEY_UIApplicationSupportsIndirectInputEvents = YES;
				INFOPLIST_KEY_UILaunchScreen_Generation = YES;
				INFOPLIST_KEY_UISupportedInterfaceOrientations_iPad = "UIInterfaceOrientationPortrait UIInterfaceOrientationPortraitUpsideDown UIInterfaceOrientationLandscapeLeft UIInterfaceOrientationLandscapeRight";
				INFOPLIST_KEY_UISupportedInterfaceOrientations_iPhone = "UIInterfaceOrientationPortrait UIInterfaceOrientationLandscapeLeft UIInterfaceOrientationLandscapeRight";
				IPHONEOS_DEPLOYMENT_TARGET = 17.4;
				LD_RUNPATH_SEARCH_PATHS = (
					"$(inherited)",
					"@executable_path/Frameworks",
				);
				MARKETING_VERSION = 1.0;
				PRODUCT_BUNDLE_IDENTIFIER = com.LevelUp.Mini2;
				PRODUCT_NAME = "$(TARGET_NAME)";
				SWIFT_EMIT_LOC_STRINGS = YES;
				SWIFT_VERSION = 5.0;
				TARGETED_DEVICE_FAMILY = "1,2";
			};
			name = Debug;
		};
		C81B920D2C24119D00282A88 /* Release */ = {
			isa = XCBuildConfiguration;
			buildSettings = {
				ASSETCATALOG_COMPILER_APPICON_NAME = AppIcon;
				ASSETCATALOG_COMPILER_GLOBAL_ACCENT_COLOR_NAME = AccentColor;
				CODE_SIGN_STYLE = Automatic;
				CURRENT_PROJECT_VERSION = 1;
				DEVELOPMENT_ASSET_PATHS = "\"Mini2/Preview Content\"";
				DEVELOPMENT_TEAM = 2PK9G249Q5;
				ENABLE_PREVIEWS = YES;
				GENERATE_INFOPLIST_FILE = YES;
				INFOPLIST_FILE = Mini2/Info.plist;
				INFOPLIST_KEY_UIApplicationSceneManifest_Generation = YES;
				INFOPLIST_KEY_UIApplicationSupportsIndirectInputEvents = YES;
				INFOPLIST_KEY_UILaunchScreen_Generation = YES;
				INFOPLIST_KEY_UISupportedInterfaceOrientations_iPad = "UIInterfaceOrientationPortrait UIInterfaceOrientationPortraitUpsideDown UIInterfaceOrientationLandscapeLeft UIInterfaceOrientationLandscapeRight";
				INFOPLIST_KEY_UISupportedInterfaceOrientations_iPhone = "UIInterfaceOrientationPortrait UIInterfaceOrientationLandscapeLeft UIInterfaceOrientationLandscapeRight";
				IPHONEOS_DEPLOYMENT_TARGET = 17.4;
				LD_RUNPATH_SEARCH_PATHS = (
					"$(inherited)",
					"@executable_path/Frameworks",
				);
				MARKETING_VERSION = 1.0;
				PRODUCT_BUNDLE_IDENTIFIER = com.LevelUp.Mini2;
				PRODUCT_NAME = "$(TARGET_NAME)";
				SWIFT_EMIT_LOC_STRINGS = YES;
				SWIFT_VERSION = 5.0;
				TARGETED_DEVICE_FAMILY = "1,2";
			};
			name = Release;
		};
/* End XCBuildConfiguration section */

/* Begin XCConfigurationList section */
		C81B91F82C24119C00282A88 /* Build configuration list for PBXProject "Mini2" */ = {
			isa = XCConfigurationList;
			buildConfigurations = (
				C81B92092C24119D00282A88 /* Debug */,
				C81B920A2C24119D00282A88 /* Release */,
			);
			defaultConfigurationIsVisible = 0;
			defaultConfigurationName = Release;
		};
		C81B920B2C24119D00282A88 /* Build configuration list for PBXNativeTarget "Mini2" */ = {
			isa = XCConfigurationList;
			buildConfigurations = (
				C81B920C2C24119D00282A88 /* Debug */,
				C81B920D2C24119D00282A88 /* Release */,
			);
			defaultConfigurationIsVisible = 0;
			defaultConfigurationName = Release;
		};
/* End XCConfigurationList section */
	};
	rootObject = C81B91F52C24119C00282A88 /* Project object */;
}
