// !$*UTF8*$!
{
	archiveVersion = 1;
	classes = {
	};
	objectVersion = 56;
	objects = {

/* Begin PBXBuildFile section */
		5B3599EE2C27D0480026E929 /* TimeAssignmentViewModel.swift in Sources */ = {isa = PBXBuildFile; fileRef = 5B3599ED2C27D0480026E929 /* TimeAssignmentViewModel.swift */; };
		C813AD022C2A8ABA0096997D /* TimePickerComponent.swift in Sources */ = {isa = PBXBuildFile; fileRef = C813ACFF2C2A8ABA0096997D /* TimePickerComponent.swift */; };
		C813AD042C2A8B910096997D /* SetTimerView.swift in Sources */ = {isa = PBXBuildFile; fileRef = C813AD032C2A8B910096997D /* SetTimerView.swift */; };
		C813AD062C2A8BA70096997D /* StudySessionPageView.swift in Sources */ = {isa = PBXBuildFile; fileRef = C813AD052C2A8BA70096997D /* StudySessionPageView.swift */; };
		C813AD082C2AAAD70096997D /* EggGachaViewModel.swift in Sources */ = {isa = PBXBuildFile; fileRef = C813AD072C2AAAD70096997D /* EggGachaViewModel.swift */; };
		C813AD0A2C2ABBAB0096997D /* EggRevealView.swift in Sources */ = {isa = PBXBuildFile; fileRef = C813AD092C2ABBAB0096997D /* EggRevealView.swift */; };
		C81B92012C24119C00282A88 /* Mini2App.swift in Sources */ = {isa = PBXBuildFile; fileRef = C81B92002C24119C00282A88 /* Mini2App.swift */; };
		C81B92052C24119D00282A88 /* Assets.xcassets in Resources */ = {isa = PBXBuildFile; fileRef = C81B92042C24119D00282A88 /* Assets.xcassets */; };
		C81B92082C24119D00282A88 /* Preview Assets.xcassets in Resources */ = {isa = PBXBuildFile; fileRef = C81B92072C24119D00282A88 /* Preview Assets.xcassets */; };
		C849857D2C2A85EB0011B300 /* CustomButton.swift in Sources */ = {isa = PBXBuildFile; fileRef = C849856B2C2A85EB0011B300 /* CustomButton.swift */; };
		C849857E2C2A85EB0011B300 /* TimerComponent.swift in Sources */ = {isa = PBXBuildFile; fileRef = C849856C2C2A85EB0011B300 /* TimerComponent.swift */; };
		C849857F2C2A85EB0011B300 /* DraggableView.swift in Sources */ = {isa = PBXBuildFile; fileRef = C849856E2C2A85EB0011B300 /* DraggableView.swift */; };
		C84985802C2A85EB0011B300 /* BeforeBreakView.swift in Sources */ = {isa = PBXBuildFile; fileRef = C84985702C2A85EB0011B300 /* BeforeBreakView.swift */; };
		C84985812C2A85EB0011B300 /* CollectableItem.swift in Sources */ = {isa = PBXBuildFile; fileRef = C84985712C2A85EB0011B300 /* CollectableItem.swift */; };
		C84985822C2A85EB0011B300 /* CongratulationsView.swift in Sources */ = {isa = PBXBuildFile; fileRef = C84985722C2A85EB0011B300 /* CongratulationsView.swift */; };
		C84985832C2A85EB0011B300 /* ContentView.swift in Sources */ = {isa = PBXBuildFile; fileRef = C84985732C2A85EB0011B300 /* ContentView.swift */; };
		C84985842C2A85EB0011B300 /* StudySessionTimerView.swift in Sources */ = {isa = PBXBuildFile; fileRef = C84985742C2A85EB0011B300 /* StudySessionTimerView.swift */; };
		C84985852C2A85EB0011B300 /* BreakEndActionView.swift in Sources */ = {isa = PBXBuildFile; fileRef = C84985762C2A85EB0011B300 /* BreakEndActionView.swift */; };
		C84985862C2A85EB0011B300 /* BreakSessionView.swift in Sources */ = {isa = PBXBuildFile; fileRef = C84985772C2A85EB0011B300 /* BreakSessionView.swift */; };
		C84985872C2A85EB0011B300 /* EggGachaView.swift in Sources */ = {isa = PBXBuildFile; fileRef = C84985782C2A85EB0011B300 /* EggGachaView.swift */; };
		C88CA5902C2698B200815471 /* Extensions.swift in Sources */ = {isa = PBXBuildFile; fileRef = C88CA58F2C2698B200815471 /* Extensions.swift */; };
		C8F19EE42C29508C00F80627 /* Config.swift in Sources */ = {isa = PBXBuildFile; fileRef = C8F19EE32C29508C00F80627 /* Config.swift */; };
		C8F19EE62C2976A500F80627 /* ObjectModel.swift in Sources */ = {isa = PBXBuildFile; fileRef = C8F19EE52C2976A500F80627 /* ObjectModel.swift */; };
		C8F19EE82C2980B300F80627 /* HapticsManager.swift in Sources */ = {isa = PBXBuildFile; fileRef = C8F19EE72C2980B300F80627 /* HapticsManager.swift */; };
/* End PBXBuildFile section */

/* Begin PBXFileReference section */
		5B3599ED2C27D0480026E929 /* TimeAssignmentViewModel.swift */ = {isa = PBXFileReference; lastKnownFileType = sourcecode.swift; path = TimeAssignmentViewModel.swift; sourceTree = "<group>"; };
		C813ACFF2C2A8ABA0096997D /* TimePickerComponent.swift */ = {isa = PBXFileReference; fileEncoding = 4; lastKnownFileType = sourcecode.swift; path = TimePickerComponent.swift; sourceTree = "<group>"; };
		C813AD032C2A8B910096997D /* SetTimerView.swift */ = {isa = PBXFileReference; lastKnownFileType = sourcecode.swift; path = SetTimerView.swift; sourceTree = "<group>"; };
		C813AD052C2A8BA70096997D /* StudySessionPageView.swift */ = {isa = PBXFileReference; lastKnownFileType = sourcecode.swift; path = StudySessionPageView.swift; sourceTree = "<group>"; };
		C813AD072C2AAAD70096997D /* EggGachaViewModel.swift */ = {isa = PBXFileReference; lastKnownFileType = sourcecode.swift; path = EggGachaViewModel.swift; sourceTree = "<group>"; };
		C813AD092C2ABBAB0096997D /* EggRevealView.swift */ = {isa = PBXFileReference; lastKnownFileType = sourcecode.swift; path = EggRevealView.swift; sourceTree = "<group>"; };
		C81B91FD2C24119C00282A88 /* Mini2.app */ = {isa = PBXFileReference; explicitFileType = wrapper.application; includeInIndex = 0; path = Mini2.app; sourceTree = BUILT_PRODUCTS_DIR; };
		C81B92002C24119C00282A88 /* Mini2App.swift */ = {isa = PBXFileReference; lastKnownFileType = sourcecode.swift; path = Mini2App.swift; sourceTree = "<group>"; };
		C81B92042C24119D00282A88 /* Assets.xcassets */ = {isa = PBXFileReference; lastKnownFileType = folder.assetcatalog; path = Assets.xcassets; sourceTree = "<group>"; };
		C81B92072C24119D00282A88 /* Preview Assets.xcassets */ = {isa = PBXFileReference; lastKnownFileType = folder.assetcatalog; path = "Preview Assets.xcassets"; sourceTree = "<group>"; };
		C81E9BB42C2597C6008F45C4 /* UserDataModel.swift */ = {isa = PBXFileReference; lastKnownFileType = sourcecode.swift; path = UserDataModel.swift; sourceTree = "<group>"; };
		C849856B2C2A85EB0011B300 /* CustomButton.swift */ = {isa = PBXFileReference; fileEncoding = 4; lastKnownFileType = sourcecode.swift; path = CustomButton.swift; sourceTree = "<group>"; };
		C849856C2C2A85EB0011B300 /* TimerComponent.swift */ = {isa = PBXFileReference; fileEncoding = 4; lastKnownFileType = sourcecode.swift; path = TimerComponent.swift; sourceTree = "<group>"; };
		C849856E2C2A85EB0011B300 /* DraggableView.swift */ = {isa = PBXFileReference; fileEncoding = 4; lastKnownFileType = sourcecode.swift; path = DraggableView.swift; sourceTree = "<group>"; };
		C84985702C2A85EB0011B300 /* BeforeBreakView.swift */ = {isa = PBXFileReference; fileEncoding = 4; lastKnownFileType = sourcecode.swift; path = BeforeBreakView.swift; sourceTree = "<group>"; };
		C84985712C2A85EB0011B300 /* CollectableItem.swift */ = {isa = PBXFileReference; fileEncoding = 4; lastKnownFileType = sourcecode.swift; path = CollectableItem.swift; sourceTree = "<group>"; };
		C84985722C2A85EB0011B300 /* CongratulationsView.swift */ = {isa = PBXFileReference; fileEncoding = 4; lastKnownFileType = sourcecode.swift; path = CongratulationsView.swift; sourceTree = "<group>"; };
		C84985732C2A85EB0011B300 /* ContentView.swift */ = {isa = PBXFileReference; fileEncoding = 4; lastKnownFileType = sourcecode.swift; path = ContentView.swift; sourceTree = "<group>"; };
		C84985742C2A85EB0011B300 /* StudySessionTimerView.swift */ = {isa = PBXFileReference; fileEncoding = 4; lastKnownFileType = sourcecode.swift; path = StudySessionTimerView.swift; sourceTree = "<group>"; };
		C84985762C2A85EB0011B300 /* BreakEndActionView.swift */ = {isa = PBXFileReference; fileEncoding = 4; lastKnownFileType = sourcecode.swift; path = BreakEndActionView.swift; sourceTree = "<group>"; };
		C84985772C2A85EB0011B300 /* BreakSessionView.swift */ = {isa = PBXFileReference; fileEncoding = 4; lastKnownFileType = sourcecode.swift; path = BreakSessionView.swift; sourceTree = "<group>"; };
		C84985782C2A85EB0011B300 /* EggGachaView.swift */ = {isa = PBXFileReference; fileEncoding = 4; lastKnownFileType = sourcecode.swift; path = EggGachaView.swift; sourceTree = "<group>"; };
		C88CA58F2C2698B200815471 /* Extensions.swift */ = {isa = PBXFileReference; lastKnownFileType = sourcecode.swift; path = Extensions.swift; sourceTree = "<group>"; };
		C8F19EE32C29508C00F80627 /* Config.swift */ = {isa = PBXFileReference; lastKnownFileType = sourcecode.swift; path = Config.swift; sourceTree = "<group>"; };
		C8F19EE52C2976A500F80627 /* ObjectModel.swift */ = {isa = PBXFileReference; lastKnownFileType = sourcecode.swift; path = ObjectModel.swift; sourceTree = "<group>"; };
		C8F19EE72C2980B300F80627 /* HapticsManager.swift */ = {isa = PBXFileReference; lastKnownFileType = sourcecode.swift; path = HapticsManager.swift; sourceTree = "<group>"; };
		C8F19EEA2C29EE5900F80627 /* Info.plist */ = {isa = PBXFileReference; lastKnownFileType = text.plist; path = Info.plist; sourceTree = "<group>"; };
/* End PBXFileReference section */

/* Begin PBXFrameworksBuildPhase section */
		C81B91FA2C24119C00282A88 /* Frameworks */ = {
			isa = PBXFrameworksBuildPhase;
			buildActionMask = 2147483647;
			files = (
			);
			runOnlyForDeploymentPostprocessing = 0;
		};
/* End PBXFrameworksBuildPhase section */

/* Begin PBXGroup section */
		C81B91F42C24119C00282A88 = {
			isa = PBXGroup;
			children = (
				C81B91FF2C24119C00282A88 /* Mini2 */,
				C81B91FE2C24119C00282A88 /* Products */,
			);
			sourceTree = "<group>";
		};
		C81B91FE2C24119C00282A88 /* Products */ = {
			isa = PBXGroup;
			children = (
				C81B91FD2C24119C00282A88 /* Mini2.app */,
			);
			name = Products;
			sourceTree = "<group>";
		};
		C81B91FF2C24119C00282A88 /* Mini2 */ = {
			isa = PBXGroup;
			children = (
				C8F19EEA2C29EE5900F80627 /* Info.plist */,
				C81B92002C24119C00282A88 /* Mini2App.swift */,
				C81B920E2C24128400282A88 /* Model */,
				C81B920F2C24128B00282A88 /* View */,
				C81B92102C24129100282A88 /* ViewModel */,
				C88CA58E2C26987300815471 /* Manager */,
				C8F19EE92C29987200F80627 /* Resource */,
				C81B92042C24119D00282A88 /* Assets.xcassets */,
				C81B92062C24119D00282A88 /* Preview Content */,
			);
			path = Mini2;
			sourceTree = "<group>";
		};
		C81B92062C24119D00282A88 /* Preview Content */ = {
			isa = PBXGroup;
			children = (
				C81B92072C24119D00282A88 /* Preview Assets.xcassets */,
			);
			path = "Preview Content";
			sourceTree = "<group>";
		};
		C81B920E2C24128400282A88 /* Model */ = {
			isa = PBXGroup;
			children = (
				C81E9BB42C2597C6008F45C4 /* UserDataModel.swift */,
				C8F19EE52C2976A500F80627 /* ObjectModel.swift */,
			);
			path = Model;
			sourceTree = "<group>";
		};
		C81B920F2C24128B00282A88 /* View */ = {
			isa = PBXGroup;
			children = (
				C849857A2C2A85EB0011B300 /* View */,
			);
			path = View;
			sourceTree = "<group>";
		};
		C81B92102C24129100282A88 /* ViewModel */ = {
			isa = PBXGroup;
			children = (
				5B3599ED2C27D0480026E929 /* TimeAssignmentViewModel.swift */,
				C813AD072C2AAAD70096997D /* EggGachaViewModel.swift */,
			);
			path = ViewModel;
			sourceTree = "<group>";
		};
		C849856D2C2A85EB0011B300 /* ComponentView */ = {
			isa = PBXGroup;
			children = (
				C849856B2C2A85EB0011B300 /* CustomButton.swift */,
				C849856C2C2A85EB0011B300 /* TimerComponent.swift */,
				C813ACFF2C2A8ABA0096997D /* TimePickerComponent.swift */,
				C849856E2C2A85EB0011B300 /* DraggableView.swift */,
			);
			path = ComponentView;
			sourceTree = "<group>";
		};
		C84985752C2A85EB0011B300 /* ScreenView */ = {
			isa = PBXGroup;
			children = (
				C84985712C2A85EB0011B300 /* CollectableItem.swift */,
				C813AD032C2A8B910096997D /* SetTimerView.swift */,
				C813AD052C2A8BA70096997D /* StudySessionPageView.swift */,
				C84985722C2A85EB0011B300 /* CongratulationsView.swift */,
			);
			path = ScreenView;
			sourceTree = "<group>";
		};
		C84985792C2A85EB0011B300 /* SessionStateView */ = {
			isa = PBXGroup;
			children = (
				C84985742C2A85EB0011B300 /* StudySessionTimerView.swift */,
				C84985702C2A85EB0011B300 /* BeforeBreakView.swift */,
				C84985782C2A85EB0011B300 /* EggGachaView.swift */,
				C813AD092C2ABBAB0096997D /* EggRevealView.swift */,
				C84985772C2A85EB0011B300 /* BreakSessionView.swift */,
				C84985762C2A85EB0011B300 /* BreakEndActionView.swift */,
			);
			path = SessionStateView;
			sourceTree = "<group>";
		};
		C849857A2C2A85EB0011B300 /* View */ = {
			isa = PBXGroup;
			children = (
				C84985732C2A85EB0011B300 /* ContentView.swift */,
				C84985752C2A85EB0011B300 /* ScreenView */,
				C84985792C2A85EB0011B300 /* SessionStateView */,
				C849856D2C2A85EB0011B300 /* ComponentView */,
			);
			name = View;
			sourceTree = "<group>";
		};
		C88CA58E2C26987300815471 /* Manager */ = {
			isa = PBXGroup;
			children = (
				C88CA58F2C2698B200815471 /* Extensions.swift */,
				C8F19EE32C29508C00F80627 /* Config.swift */,
				C8F19EE72C2980B300F80627 /* HapticsManager.swift */,
			);
			path = Manager;
			sourceTree = "<group>";
		};
		C8F19EE92C29987200F80627 /* Resource */ = {
			isa = PBXGroup;
			children = (
			);
			path = Resource;
			sourceTree = "<group>";
		};
/* End PBXGroup section */

/* Begin PBXNativeTarget section */
		C81B91FC2C24119C00282A88 /* Mini2 */ = {
			isa = PBXNativeTarget;
			buildConfigurationList = C81B920B2C24119D00282A88 /* Build configuration list for PBXNativeTarget "Mini2" */;
			buildPhases = (
				C81B91F92C24119C00282A88 /* Sources */,
				C81B91FA2C24119C00282A88 /* Frameworks */,
				C81B91FB2C24119C00282A88 /* Resources */,
			);
			buildRules = (
			);
			dependencies = (
			);
			name = Mini2;
			productName = Mini2;
			productReference = C81B91FD2C24119C00282A88 /* Mini2.app */;
			productType = "com.apple.product-type.application";
		};
/* End PBXNativeTarget section */

/* Begin PBXProject section */
		C81B91F52C24119C00282A88 /* Project object */ = {
			isa = PBXProject;
			attributes = {
				BuildIndependentTargetsInParallel = 1;
				LastSwiftUpdateCheck = 1540;
				LastUpgradeCheck = 1540;
				TargetAttributes = {
					C81B91FC2C24119C00282A88 = {
						CreatedOnToolsVersion = 15.4;
					};
				};
			};
			buildConfigurationList = C81B91F82C24119C00282A88 /* Build configuration list for PBXProject "Mini2" */;
			compatibilityVersion = "Xcode 14.0";
			developmentRegion = en;
			hasScannedForEncodings = 0;
			knownRegions = (
				en,
				Base,
			);
			mainGroup = C81B91F42C24119C00282A88;
			productRefGroup = C81B91FE2C24119C00282A88 /* Products */;
			projectDirPath = "";
			projectRoot = "";
			targets = (
				C81B91FC2C24119C00282A88 /* Mini2 */,
			);
		};
/* End PBXProject section */

/* Begin PBXResourcesBuildPhase section */
		C81B91FB2C24119C00282A88 /* Resources */ = {
			isa = PBXResourcesBuildPhase;
			buildActionMask = 2147483647;
			files = (
				C81B92082C24119D00282A88 /* Preview Assets.xcassets in Resources */,
				C81B92052C24119D00282A88 /* Assets.xcassets in Resources */,
			);
			runOnlyForDeploymentPostprocessing = 0;
		};
/* End PBXResourcesBuildPhase section */

/* Begin PBXSourcesBuildPhase section */
		C81B91F92C24119C00282A88 /* Sources */ = {
			isa = PBXSourcesBuildPhase;
			buildActionMask = 2147483647;
			files = (
				C84985802C2A85EB0011B300 /* BeforeBreakView.swift in Sources */,
				C84985812C2A85EB0011B300 /* CollectableItem.swift in Sources */,
				C849857D2C2A85EB0011B300 /* CustomButton.swift in Sources */,
				5B3599EE2C27D0480026E929 /* TimeAssignmentViewModel.swift in Sources */,
				C84985822C2A85EB0011B300 /* CongratulationsView.swift in Sources */,
				C84985832C2A85EB0011B300 /* ContentView.swift in Sources */,
				C84985842C2A85EB0011B300 /* StudySessionTimerView.swift in Sources */,
				C813AD062C2A8BA70096997D /* StudySessionPageView.swift in Sources */,
				C849857F2C2A85EB0011B300 /* DraggableView.swift in Sources */,
				C813AD0A2C2ABBAB0096997D /* EggRevealView.swift in Sources */,
				C849857E2C2A85EB0011B300 /* TimerComponent.swift in Sources */,
				C8F19EE62C2976A500F80627 /* ObjectModel.swift in Sources */,
				C84985862C2A85EB0011B300 /* BreakSessionView.swift in Sources */,
				C813AD082C2AAAD70096997D /* EggGachaViewModel.swift in Sources */,
				C88CA5902C2698B200815471 /* Extensions.swift in Sources */,
				C81B92012C24119C00282A88 /* Mini2App.swift in Sources */,
				C8F19EE82C2980B300F80627 /* HapticsManager.swift in Sources */,
				C813AD022C2A8ABA0096997D /* TimePickerComponent.swift in Sources */,
				C813AD042C2A8B910096997D /* SetTimerView.swift in Sources */,
				C8F19EE42C29508C00F80627 /* Config.swift in Sources */,
				C84985852C2A85EB0011B300 /* BreakEndActionView.swift in Sources */,
				C84985872C2A85EB0011B300 /* EggGachaView.swift in Sources */,
			);
			runOnlyForDeploymentPostprocessing = 0;
		};
/* End PBXSourcesBuildPhase section */

/* Begin XCBuildConfiguration section */
		C81B92092C24119D00282A88 /* Debug */ = {
			isa = XCBuildConfiguration;
			buildSettings = {
				ALWAYS_SEARCH_USER_PATHS = NO;
				ASSETCATALOG_COMPILER_GENERATE_SWIFT_ASSET_SYMBOL_EXTENSIONS = YES;
				CLANG_ANALYZER_NONNULL = YES;
				CLANG_ANALYZER_NUMBER_OBJECT_CONVERSION = YES_AGGRESSIVE;
				CLANG_CXX_LANGUAGE_STANDARD = "gnu++20";
				CLANG_ENABLE_MODULES = YES;
				CLANG_ENABLE_OBJC_ARC = YES;
				CLANG_ENABLE_OBJC_WEAK = YES;
				CLANG_WARN_BLOCK_CAPTURE_AUTORELEASING = YES;
				CLANG_WARN_BOOL_CONVERSION = YES;
				CLANG_WARN_COMMA = YES;
				CLANG_WARN_CONSTANT_CONVERSION = YES;
				CLANG_WARN_DEPRECATED_OBJC_IMPLEMENTATIONS = YES;
				CLANG_WARN_DIRECT_OBJC_ISA_USAGE = YES_ERROR;
				CLANG_WARN_DOCUMENTATION_COMMENTS = YES;
				CLANG_WARN_EMPTY_BODY = YES;
				CLANG_WARN_ENUM_CONVERSION = YES;
				CLANG_WARN_INFINITE_RECURSION = YES;
				CLANG_WARN_INT_CONVERSION = YES;
				CLANG_WARN_NON_LITERAL_NULL_CONVERSION = YES;
				CLANG_WARN_OBJC_IMPLICIT_RETAIN_SELF = YES;
				CLANG_WARN_OBJC_LITERAL_CONVERSION = YES;
				CLANG_WARN_OBJC_ROOT_CLASS = YES_ERROR;
				CLANG_WARN_QUOTED_INCLUDE_IN_FRAMEWORK_HEADER = YES;
				CLANG_WARN_RANGE_LOOP_ANALYSIS = YES;
				CLANG_WARN_STRICT_PROTOTYPES = YES;
				CLANG_WARN_SUSPICIOUS_MOVE = YES;
				CLANG_WARN_UNGUARDED_AVAILABILITY = YES_AGGRESSIVE;
				CLANG_WARN_UNREACHABLE_CODE = YES;
				CLANG_WARN__DUPLICATE_METHOD_MATCH = YES;
				COPY_PHASE_STRIP = NO;
				DEBUG_INFORMATION_FORMAT = dwarf;
				ENABLE_STRICT_OBJC_MSGSEND = YES;
				ENABLE_TESTABILITY = YES;
				ENABLE_USER_SCRIPT_SANDBOXING = YES;
				GCC_C_LANGUAGE_STANDARD = gnu17;
				GCC_DYNAMIC_NO_PIC = NO;
				GCC_NO_COMMON_BLOCKS = YES;
				GCC_OPTIMIZATION_LEVEL = 0;
				GCC_PREPROCESSOR_DEFINITIONS = (
					"DEBUG=1",
					"$(inherited)",
				);
				GCC_WARN_64_TO_32_BIT_CONVERSION = YES;
				GCC_WARN_ABOUT_RETURN_TYPE = YES_ERROR;
				GCC_WARN_UNDECLARED_SELECTOR = YES;
				GCC_WARN_UNINITIALIZED_AUTOS = YES_AGGRESSIVE;
				GCC_WARN_UNUSED_FUNCTION = YES;
				GCC_WARN_UNUSED_VARIABLE = YES;
				IPHONEOS_DEPLOYMENT_TARGET = 17.5;
				LOCALIZATION_PREFERS_STRING_CATALOGS = YES;
				MTL_ENABLE_DEBUG_INFO = INCLUDE_SOURCE;
				MTL_FAST_MATH = YES;
				ONLY_ACTIVE_ARCH = YES;
				SDKROOT = iphoneos;
				SWIFT_ACTIVE_COMPILATION_CONDITIONS = "DEBUG $(inherited)";
				SWIFT_OPTIMIZATION_LEVEL = "-Onone";
			};
			name = Debug;
		};
		C81B920A2C24119D00282A88 /* Release */ = {
			isa = XCBuildConfiguration;
			buildSettings = {
				ALWAYS_SEARCH_USER_PATHS = NO;
				ASSETCATALOG_COMPILER_GENERATE_SWIFT_ASSET_SYMBOL_EXTENSIONS = YES;
				CLANG_ANALYZER_NONNULL = YES;
				CLANG_ANALYZER_NUMBER_OBJECT_CONVERSION = YES_AGGRESSIVE;
				CLANG_CXX_LANGUAGE_STANDARD = "gnu++20";
				CLANG_ENABLE_MODULES = YES;
				CLANG_ENABLE_OBJC_ARC = YES;
				CLANG_ENABLE_OBJC_WEAK = YES;
				CLANG_WARN_BLOCK_CAPTURE_AUTORELEASING = YES;
				CLANG_WARN_BOOL_CONVERSION = YES;
				CLANG_WARN_COMMA = YES;
				CLANG_WARN_CONSTANT_CONVERSION = YES;
				CLANG_WARN_DEPRECATED_OBJC_IMPLEMENTATIONS = YES;
				CLANG_WARN_DIRECT_OBJC_ISA_USAGE = YES_ERROR;
				CLANG_WARN_DOCUMENTATION_COMMENTS = YES;
				CLANG_WARN_EMPTY_BODY = YES;
				CLANG_WARN_ENUM_CONVERSION = YES;
				CLANG_WARN_INFINITE_RECURSION = YES;
				CLANG_WARN_INT_CONVERSION = YES;
				CLANG_WARN_NON_LITERAL_NULL_CONVERSION = YES;
				CLANG_WARN_OBJC_IMPLICIT_RETAIN_SELF = YES;
				CLANG_WARN_OBJC_LITERAL_CONVERSION = YES;
				CLANG_WARN_OBJC_ROOT_CLASS = YES_ERROR;
				CLANG_WARN_QUOTED_INCLUDE_IN_FRAMEWORK_HEADER = YES;
				CLANG_WARN_RANGE_LOOP_ANALYSIS = YES;
				CLANG_WARN_STRICT_PROTOTYPES = YES;
				CLANG_WARN_SUSPICIOUS_MOVE = YES;
				CLANG_WARN_UNGUARDED_AVAILABILITY = YES_AGGRESSIVE;
				CLANG_WARN_UNREACHABLE_CODE = YES;
				CLANG_WARN__DUPLICATE_METHOD_MATCH = YES;
				COPY_PHASE_STRIP = NO;
				DEBUG_INFORMATION_FORMAT = "dwarf-with-dsym";
				ENABLE_NS_ASSERTIONS = NO;
				ENABLE_STRICT_OBJC_MSGSEND = YES;
				ENABLE_USER_SCRIPT_SANDBOXING = YES;
				GCC_C_LANGUAGE_STANDARD = gnu17;
				GCC_NO_COMMON_BLOCKS = YES;
				GCC_WARN_64_TO_32_BIT_CONVERSION = YES;
				GCC_WARN_ABOUT_RETURN_TYPE = YES_ERROR;
				GCC_WARN_UNDECLARED_SELECTOR = YES;
				GCC_WARN_UNINITIALIZED_AUTOS = YES_AGGRESSIVE;
				GCC_WARN_UNUSED_FUNCTION = YES;
				GCC_WARN_UNUSED_VARIABLE = YES;
				IPHONEOS_DEPLOYMENT_TARGET = 17.5;
				LOCALIZATION_PREFERS_STRING_CATALOGS = YES;
				MTL_ENABLE_DEBUG_INFO = NO;
				MTL_FAST_MATH = YES;
				SDKROOT = iphoneos;
				SWIFT_COMPILATION_MODE = wholemodule;
				VALIDATE_PRODUCT = YES;
			};
			name = Release;
		};
		C81B920C2C24119D00282A88 /* Debug */ = {
			isa = XCBuildConfiguration;
			buildSettings = {
				ASSETCATALOG_COMPILER_APPICON_NAME = AppIcon;
				ASSETCATALOG_COMPILER_GLOBAL_ACCENT_COLOR_NAME = AccentColor;
				CODE_SIGN_STYLE = Automatic;
				CURRENT_PROJECT_VERSION = 1;
				DEVELOPMENT_ASSET_PATHS = "\"Mini2/Preview Content\"";
				DEVELOPMENT_TEAM = 2PK9G249Q5;
				ENABLE_PREVIEWS = YES;
				GENERATE_INFOPLIST_FILE = YES;
				INFOPLIST_FILE = Mini2/Info.plist;
				INFOPLIST_KEY_UIApplicationSceneManifest_Generation = YES;
				INFOPLIST_KEY_UIApplicationSupportsIndirectInputEvents = YES;
				INFOPLIST_KEY_UILaunchScreen_Generation = YES;
				INFOPLIST_KEY_UISupportedInterfaceOrientations_iPad = "UIInterfaceOrientationPortrait UIInterfaceOrientationPortraitUpsideDown UIInterfaceOrientationLandscapeLeft UIInterfaceOrientationLandscapeRight";
				INFOPLIST_KEY_UISupportedInterfaceOrientations_iPhone = "UIInterfaceOrientationPortrait UIInterfaceOrientationLandscapeLeft UIInterfaceOrientationLandscapeRight";
				IPHONEOS_DEPLOYMENT_TARGET = 17.4;
				LD_RUNPATH_SEARCH_PATHS = (
					"$(inherited)",
					"@executable_path/Frameworks",
				);
				MARKETING_VERSION = 1.0;
				PRODUCT_BUNDLE_IDENTIFIER = com.LevelUp.Mini2;
				PRODUCT_NAME = "$(TARGET_NAME)";
				SWIFT_EMIT_LOC_STRINGS = YES;
				SWIFT_VERSION = 5.0;
				TARGETED_DEVICE_FAMILY = "1,2";
			};
			name = Debug;
		};
		C81B920D2C24119D00282A88 /* Release */ = {
			isa = XCBuildConfiguration;
			buildSettings = {
				ASSETCATALOG_COMPILER_APPICON_NAME = AppIcon;
				ASSETCATALOG_COMPILER_GLOBAL_ACCENT_COLOR_NAME = AccentColor;
				CODE_SIGN_STYLE = Automatic;
				CURRENT_PROJECT_VERSION = 1;
				DEVELOPMENT_ASSET_PATHS = "\"Mini2/Preview Content\"";
				DEVELOPMENT_TEAM = 2PK9G249Q5;
				ENABLE_PREVIEWS = YES;
				GENERATE_INFOPLIST_FILE = YES;
				INFOPLIST_FILE = Mini2/Info.plist;
				INFOPLIST_KEY_UIApplicationSceneManifest_Generation = YES;
				INFOPLIST_KEY_UIApplicationSupportsIndirectInputEvents = YES;
				INFOPLIST_KEY_UILaunchScreen_Generation = YES;
				INFOPLIST_KEY_UISupportedInterfaceOrientations_iPad = "UIInterfaceOrientationPortrait UIInterfaceOrientationPortraitUpsideDown UIInterfaceOrientationLandscapeLeft UIInterfaceOrientationLandscapeRight";
				INFOPLIST_KEY_UISupportedInterfaceOrientations_iPhone = "UIInterfaceOrientationPortrait UIInterfaceOrientationLandscapeLeft UIInterfaceOrientationLandscapeRight";
				IPHONEOS_DEPLOYMENT_TARGET = 17.4;
				LD_RUNPATH_SEARCH_PATHS = (
					"$(inherited)",
					"@executable_path/Frameworks",
				);
				MARKETING_VERSION = 1.0;
				PRODUCT_BUNDLE_IDENTIFIER = com.LevelUp.Mini2;
				PRODUCT_NAME = "$(TARGET_NAME)";
				SWIFT_EMIT_LOC_STRINGS = YES;
				SWIFT_VERSION = 5.0;
				TARGETED_DEVICE_FAMILY = "1,2";
			};
			name = Release;
		};
/* End XCBuildConfiguration section */

/* Begin XCConfigurationList section */
		C81B91F82C24119C00282A88 /* Build configuration list for PBXProject "Mini2" */ = {
			isa = XCConfigurationList;
			buildConfigurations = (
				C81B92092C24119D00282A88 /* Debug */,
				C81B920A2C24119D00282A88 /* Release */,
			);
			defaultConfigurationIsVisible = 0;
			defaultConfigurationName = Release;
		};
		C81B920B2C24119D00282A88 /* Build configuration list for PBXNativeTarget "Mini2" */ = {
			isa = XCConfigurationList;
			buildConfigurations = (
				C81B920C2C24119D00282A88 /* Debug */,
				C81B920D2C24119D00282A88 /* Release */,
			);
			defaultConfigurationIsVisible = 0;
			defaultConfigurationName = Release;
		};
/* End XCConfigurationList section */
	};
	rootObject = C81B91F52C24119C00282A88 /* Project object */;
}
